// !$*UTF8*$!
{
	archiveVersion = 1;
	classes = {
	};
	objectVersion = 56;
	objects = {

/* Begin PBXBuildFile section */
		2D65F7E1296022A700A2EA47 /* SwiftUICombineApp.swift in Sources */ = {isa = PBXBuildFile; fileRef = 2D65F7E0296022A700A2EA47 /* SwiftUICombineApp.swift */; };
		2D65F7E5296022AA00A2EA47 /* Assets.xcassets in Resources */ = {isa = PBXBuildFile; fileRef = 2D65F7E4296022AA00A2EA47 /* Assets.xcassets */; };
		2D65F7E8296022AA00A2EA47 /* Preview Assets.xcassets in Resources */ = {isa = PBXBuildFile; fileRef = 2D65F7E7296022AA00A2EA47 /* Preview Assets.xcassets */; };
		2D65F7F2296022AA00A2EA47 /* SwiftUICombineTests.swift in Sources */ = {isa = PBXBuildFile; fileRef = 2D65F7F1296022AA00A2EA47 /* SwiftUICombineTests.swift */; };
		2D65F7FC296022AA00A2EA47 /* SwiftUICombineUITests.swift in Sources */ = {isa = PBXBuildFile; fileRef = 2D65F7FB296022AA00A2EA47 /* SwiftUICombineUITests.swift */; };
		2D65F7FE296022AA00A2EA47 /* SwiftUICombineUITestsLaunchTests.swift in Sources */ = {isa = PBXBuildFile; fileRef = 2D65F7FD296022AA00A2EA47 /* SwiftUICombineUITestsLaunchTests.swift */; };
		2D65F8172960232800A2EA47 /* ContentView.swift in Sources */ = {isa = PBXBuildFile; fileRef = 2D65F80B2960232700A2EA47 /* ContentView.swift */; };
		2D65F8182960232800A2EA47 /* Meals.swift in Sources */ = {isa = PBXBuildFile; fileRef = 2D65F80D2960232700A2EA47 /* Meals.swift */; };
		2D65F8192960232800A2EA47 /* MealsNetworkManager.swift in Sources */ = {isa = PBXBuildFile; fileRef = 2D65F80E2960232700A2EA47 /* MealsNetworkManager.swift */; };
		2D65F81A2960232800A2EA47 /* AsyncImage.swift in Sources */ = {isa = PBXBuildFile; fileRef = 2D65F80F2960232700A2EA47 /* AsyncImage.swift */; };
		2D65F81B2960232800A2EA47 /* MealsContentView.swift in Sources */ = {isa = PBXBuildFile; fileRef = 2D65F8102960232700A2EA47 /* MealsContentView.swift */; };
		2D65F81C2960232800A2EA47 /* UserViewModel.swift in Sources */ = {isa = PBXBuildFile; fileRef = 2D65F8122960232700A2EA47 /* UserViewModel.swift */; };
		2D65F81D2960232800A2EA47 /* UserService.swift in Sources */ = {isa = PBXBuildFile; fileRef = 2D65F8132960232700A2EA47 /* UserService.swift */; };
		2D65F81E2960232800A2EA47 /* UsersListView.swift in Sources */ = {isa = PBXBuildFile; fileRef = 2D65F8142960232700A2EA47 /* UsersListView.swift */; };
		2D65F81F2960232800A2EA47 /* User.swift in Sources */ = {isa = PBXBuildFile; fileRef = 2D65F8152960232700A2EA47 /* User.swift */; };
		2D65F8202960232800A2EA47 /* NetworkService.swift in Sources */ = {isa = PBXBuildFile; fileRef = 2D65F8162960232700A2EA47 /* NetworkService.swift */; };
/* End PBXBuildFile section */

/* Begin PBXContainerItemProxy section */
		2D65F7EE296022AA00A2EA47 /* PBXContainerItemProxy */ = {
			isa = PBXContainerItemProxy;
			containerPortal = 2D65F7D5296022A700A2EA47 /* Project object */;
			proxyType = 1;
			remoteGlobalIDString = 2D65F7DC296022A700A2EA47;
			remoteInfo = SwiftUICombine;
		};
		2D65F7F8296022AA00A2EA47 /* PBXContainerItemProxy */ = {
			isa = PBXContainerItemProxy;
			containerPortal = 2D65F7D5296022A700A2EA47 /* Project object */;
			proxyType = 1;
			remoteGlobalIDString = 2D65F7DC296022A700A2EA47;
			remoteInfo = SwiftUICombine;
		};
/* End PBXContainerItemProxy section */

/* Begin PBXFileReference section */
		2D65F7DD296022A700A2EA47 /* SwiftUICombine.app */ = {isa = PBXFileReference; explicitFileType = wrapper.application; includeInIndex = 0; path = SwiftUICombine.app; sourceTree = BUILT_PRODUCTS_DIR; };
		2D65F7E0296022A700A2EA47 /* SwiftUICombineApp.swift */ = {isa = PBXFileReference; lastKnownFileType = sourcecode.swift; path = SwiftUICombineApp.swift; sourceTree = "<group>"; };
		2D65F7E4296022AA00A2EA47 /* Assets.xcassets */ = {isa = PBXFileReference; lastKnownFileType = folder.assetcatalog; path = Assets.xcassets; sourceTree = "<group>"; };
		2D65F7E7296022AA00A2EA47 /* Preview Assets.xcassets */ = {isa = PBXFileReference; lastKnownFileType = folder.assetcatalog; path = "Preview Assets.xcassets"; sourceTree = "<group>"; };
		2D65F7ED296022AA00A2EA47 /* SwiftUICombineTests.xctest */ = {isa = PBXFileReference; explicitFileType = wrapper.cfbundle; includeInIndex = 0; path = SwiftUICombineTests.xctest; sourceTree = BUILT_PRODUCTS_DIR; };
		2D65F7F1296022AA00A2EA47 /* SwiftUICombineTests.swift */ = {isa = PBXFileReference; lastKnownFileType = sourcecode.swift; path = SwiftUICombineTests.swift; sourceTree = "<group>"; };
		2D65F7F7296022AA00A2EA47 /* SwiftUICombineUITests.xctest */ = {isa = PBXFileReference; explicitFileType = wrapper.cfbundle; includeInIndex = 0; path = SwiftUICombineUITests.xctest; sourceTree = BUILT_PRODUCTS_DIR; };
		2D65F7FB296022AA00A2EA47 /* SwiftUICombineUITests.swift */ = {isa = PBXFileReference; lastKnownFileType = sourcecode.swift; path = SwiftUICombineUITests.swift; sourceTree = "<group>"; };
		2D65F7FD296022AA00A2EA47 /* SwiftUICombineUITestsLaunchTests.swift */ = {isa = PBXFileReference; lastKnownFileType = sourcecode.swift; path = SwiftUICombineUITestsLaunchTests.swift; sourceTree = "<group>"; };
		2D65F80B2960232700A2EA47 /* ContentView.swift */ = {isa = PBXFileReference; fileEncoding = 4; lastKnownFileType = sourcecode.swift; path = ContentView.swift; sourceTree = "<group>"; };
		2D65F80D2960232700A2EA47 /* Meals.swift */ = {isa = PBXFileReference; fileEncoding = 4; lastKnownFileType = sourcecode.swift; path = Meals.swift; sourceTree = "<group>"; };
		2D65F80E2960232700A2EA47 /* MealsNetworkManager.swift */ = {isa = PBXFileReference; fileEncoding = 4; lastKnownFileType = sourcecode.swift; path = MealsNetworkManager.swift; sourceTree = "<group>"; };
		2D65F80F2960232700A2EA47 /* AsyncImage.swift */ = {isa = PBXFileReference; fileEncoding = 4; lastKnownFileType = sourcecode.swift; path = AsyncImage.swift; sourceTree = "<group>"; };
		2D65F8102960232700A2EA47 /* MealsContentView.swift */ = {isa = PBXFileReference; fileEncoding = 4; lastKnownFileType = sourcecode.swift; path = MealsContentView.swift; sourceTree = "<group>"; };
		2D65F8122960232700A2EA47 /* UserViewModel.swift */ = {isa = PBXFileReference; fileEncoding = 4; lastKnownFileType = sourcecode.swift; path = UserViewModel.swift; sourceTree = "<group>"; };
		2D65F8132960232700A2EA47 /* UserService.swift */ = {isa = PBXFileReference; fileEncoding = 4; lastKnownFileType = sourcecode.swift; path = UserService.swift; sourceTree = "<group>"; };
		2D65F8142960232700A2EA47 /* UsersListView.swift */ = {isa = PBXFileReference; fileEncoding = 4; lastKnownFileType = sourcecode.swift; path = UsersListView.swift; sourceTree = "<group>"; };
		2D65F8152960232700A2EA47 /* User.swift */ = {isa = PBXFileReference; fileEncoding = 4; lastKnownFileType = sourcecode.swift; path = User.swift; sourceTree = "<group>"; };
		2D65F8162960232700A2EA47 /* NetworkService.swift */ = {isa = PBXFileReference; fileEncoding = 4; lastKnownFileType = sourcecode.swift; path = NetworkService.swift; sourceTree = "<group>"; };
/* End PBXFileReference section */

/* Begin PBXFrameworksBuildPhase section */
		2D65F7DA296022A700A2EA47 /* Frameworks */ = {
			isa = PBXFrameworksBuildPhase;
			buildActionMask = 2147483647;
			files = (
			);
			runOnlyForDeploymentPostprocessing = 0;
		};
		2D65F7EA296022AA00A2EA47 /* Frameworks */ = {
			isa = PBXFrameworksBuildPhase;
			buildActionMask = 2147483647;
			files = (
			);
			runOnlyForDeploymentPostprocessing = 0;
		};
		2D65F7F4296022AA00A2EA47 /* Frameworks */ = {
			isa = PBXFrameworksBuildPhase;
			buildActionMask = 2147483647;
			files = (
			);
			runOnlyForDeploymentPostprocessing = 0;
		};
/* End PBXFrameworksBuildPhase section */

/* Begin PBXGroup section */
		2D65F7D4296022A700A2EA47 = {
			isa = PBXGroup;
			children = (
				2D65F7DF296022A700A2EA47 /* SwiftUICombine */,
				2D65F7F0296022AA00A2EA47 /* SwiftUICombineTests */,
				2D65F7FA296022AA00A2EA47 /* SwiftUICombineUITests */,
				2D65F7DE296022A700A2EA47 /* Products */,
			);
			sourceTree = "<group>";
		};
		2D65F7DE296022A700A2EA47 /* Products */ = {
			isa = PBXGroup;
			children = (
				2D65F7DD296022A700A2EA47 /* SwiftUICombine.app */,
				2D65F7ED296022AA00A2EA47 /* SwiftUICombineTests.xctest */,
				2D65F7F7296022AA00A2EA47 /* SwiftUICombineUITests.xctest */,
			);
			name = Products;
			sourceTree = "<group>";
		};
		2D65F7DF296022A700A2EA47 /* SwiftUICombine */ = {
			isa = PBXGroup;
			children = (
				2D65F7E0296022A700A2EA47 /* SwiftUICombineApp.swift */,
				2D65F80A2960232700A2EA47 /* Basics */,
				2D65F80C2960232700A2EA47 /* Meals */,
				2D65F8112960232700A2EA47 /* Users */,
				2D65F7E4296022AA00A2EA47 /* Assets.xcassets */,
				2D65F7E6296022AA00A2EA47 /* Preview Content */,
			);
			path = SwiftUICombine;
			sourceTree = "<group>";
		};
		2D65F7E6296022AA00A2EA47 /* Preview Content */ = {
			isa = PBXGroup;
			children = (
				2D65F7E7296022AA00A2EA47 /* Preview Assets.xcassets */,
			);
			path = "Preview Content";
			sourceTree = "<group>";
		};
		2D65F7F0296022AA00A2EA47 /* SwiftUICombineTests */ = {
			isa = PBXGroup;
			children = (
				2D65F7F1296022AA00A2EA47 /* SwiftUICombineTests.swift */,
			);
			path = SwiftUICombineTests;
			sourceTree = "<group>";
		};
		2D65F7FA296022AA00A2EA47 /* SwiftUICombineUITests */ = {
			isa = PBXGroup;
			children = (
				2D65F7FB296022AA00A2EA47 /* SwiftUICombineUITests.swift */,
				2D65F7FD296022AA00A2EA47 /* SwiftUICombineUITestsLaunchTests.swift */,
			);
			path = SwiftUICombineUITests;
			sourceTree = "<group>";
		};
		2D65F80A2960232700A2EA47 /* Basics */ = {
			isa = PBXGroup;
			children = (
				2D65F80B2960232700A2EA47 /* ContentView.swift */,
			);
			path = Basics;
			sourceTree = "<group>";
		};
		2D65F80C2960232700A2EA47 /* Meals */ = {
			isa = PBXGroup;
			children = (
				2D65F80D2960232700A2EA47 /* Meals.swift */,
				2D65F80E2960232700A2EA47 /* MealsNetworkManager.swift */,
				2D65F80F2960232700A2EA47 /* AsyncImage.swift */,
				2D65F8102960232700A2EA47 /* MealsContentView.swift */,
			);
			path = Meals;
			sourceTree = "<group>";
		};
		2D65F8112960232700A2EA47 /* Users */ = {
			isa = PBXGroup;
			children = (
				2D65F8122960232700A2EA47 /* UserViewModel.swift */,
				2D65F8132960232700A2EA47 /* UserService.swift */,
				2D65F8142960232700A2EA47 /* UsersListView.swift */,
				2D65F8152960232700A2EA47 /* User.swift */,
				2D65F8162960232700A2EA47 /* NetworkService.swift */,
			);
			path = Users;
			sourceTree = "<group>";
		};
/* End PBXGroup section */

/* Begin PBXNativeTarget section */
		2D65F7DC296022A700A2EA47 /* SwiftUICombine */ = {
			isa = PBXNativeTarget;
			buildConfigurationList = 2D65F801296022AA00A2EA47 /* Build configuration list for PBXNativeTarget "SwiftUICombine" */;
			buildPhases = (
				2D65F7D9296022A700A2EA47 /* Sources */,
				2D65F7DA296022A700A2EA47 /* Frameworks */,
				2D65F7DB296022A700A2EA47 /* Resources */,
			);
			buildRules = (
			);
			dependencies = (
			);
			name = SwiftUICombine;
			productName = SwiftUICombine;
			productReference = 2D65F7DD296022A700A2EA47 /* SwiftUICombine.app */;
			productType = "com.apple.product-type.application";
		};
		2D65F7EC296022AA00A2EA47 /* SwiftUICombineTests */ = {
			isa = PBXNativeTarget;
			buildConfigurationList = 2D65F804296022AA00A2EA47 /* Build configuration list for PBXNativeTarget "SwiftUICombineTests" */;
			buildPhases = (
				2D65F7E9296022AA00A2EA47 /* Sources */,
				2D65F7EA296022AA00A2EA47 /* Frameworks */,
				2D65F7EB296022AA00A2EA47 /* Resources */,
			);
			buildRules = (
			);
			dependencies = (
				2D65F7EF296022AA00A2EA47 /* PBXTargetDependency */,
			);
			name = SwiftUICombineTests;
			productName = SwiftUICombineTests;
			productReference = 2D65F7ED296022AA00A2EA47 /* SwiftUICombineTests.xctest */;
			productType = "com.apple.product-type.bundle.unit-test";
		};
		2D65F7F6296022AA00A2EA47 /* SwiftUICombineUITests */ = {
			isa = PBXNativeTarget;
			buildConfigurationList = 2D65F807296022AA00A2EA47 /* Build configuration list for PBXNativeTarget "SwiftUICombineUITests" */;
			buildPhases = (
				2D65F7F3296022AA00A2EA47 /* Sources */,
				2D65F7F4296022AA00A2EA47 /* Frameworks */,
				2D65F7F5296022AA00A2EA47 /* Resources */,
			);
			buildRules = (
			);
			dependencies = (
				2D65F7F9296022AA00A2EA47 /* PBXTargetDependency */,
			);
			name = SwiftUICombineUITests;
			productName = SwiftUICombineUITests;
			productReference = 2D65F7F7296022AA00A2EA47 /* SwiftUICombineUITests.xctest */;
			productType = "com.apple.product-type.bundle.ui-testing";
		};
/* End PBXNativeTarget section */

/* Begin PBXProject section */
		2D65F7D5296022A700A2EA47 /* Project object */ = {
			isa = PBXProject;
			attributes = {
				BuildIndependentTargetsInParallel = 1;
				LastSwiftUpdateCheck = 1400;
				LastUpgradeCheck = 1400;
				TargetAttributes = {
					2D65F7DC296022A700A2EA47 = {
						CreatedOnToolsVersion = 14.0;
					};
					2D65F7EC296022AA00A2EA47 = {
						CreatedOnToolsVersion = 14.0;
						TestTargetID = 2D65F7DC296022A700A2EA47;
					};
					2D65F7F6296022AA00A2EA47 = {
						CreatedOnToolsVersion = 14.0;
						TestTargetID = 2D65F7DC296022A700A2EA47;
					};
				};
			};
			buildConfigurationList = 2D65F7D8296022A700A2EA47 /* Build configuration list for PBXProject "SwiftUICombine" */;
			compatibilityVersion = "Xcode 14.0";
			developmentRegion = en;
			hasScannedForEncodings = 0;
			knownRegions = (
				en,
				Base,
			);
			mainGroup = 2D65F7D4296022A700A2EA47;
			productRefGroup = 2D65F7DE296022A700A2EA47 /* Products */;
			projectDirPath = "";
			projectRoot = "";
			targets = (
				2D65F7DC296022A700A2EA47 /* SwiftUICombine */,
				2D65F7EC296022AA00A2EA47 /* SwiftUICombineTests */,
				2D65F7F6296022AA00A2EA47 /* SwiftUICombineUITests */,
			);
		};
/* End PBXProject section */

/* Begin PBXResourcesBuildPhase section */
		2D65F7DB296022A700A2EA47 /* Resources */ = {
			isa = PBXResourcesBuildPhase;
			buildActionMask = 2147483647;
			files = (
				2D65F7E8296022AA00A2EA47 /* Preview Assets.xcassets in Resources */,
				2D65F7E5296022AA00A2EA47 /* Assets.xcassets in Resources */,
			);
			runOnlyForDeploymentPostprocessing = 0;
		};
		2D65F7EB296022AA00A2EA47 /* Resources */ = {
			isa = PBXResourcesBuildPhase;
			buildActionMask = 2147483647;
			files = (
			);
			runOnlyForDeploymentPostprocessing = 0;
		};
		2D65F7F5296022AA00A2EA47 /* Resources */ = {
			isa = PBXResourcesBuildPhase;
			buildActionMask = 2147483647;
			files = (
			);
			runOnlyForDeploymentPostprocessing = 0;
		};
/* End PBXResourcesBuildPhase section */

/* Begin PBXSourcesBuildPhase section */
		2D65F7D9296022A700A2EA47 /* Sources */ = {
			isa = PBXSourcesBuildPhase;
			buildActionMask = 2147483647;
			files = (
				2D65F8202960232800A2EA47 /* NetworkService.swift in Sources */,
				2D65F81A2960232800A2EA47 /* AsyncImage.swift in Sources */,
				2D65F81E2960232800A2EA47 /* UsersListView.swift in Sources */,
				2D65F81B2960232800A2EA47 /* MealsContentView.swift in Sources */,
				2D65F8182960232800A2EA47 /* Meals.swift in Sources */,
				2D65F8172960232800A2EA47 /* ContentView.swift in Sources */,
				2D65F81D2960232800A2EA47 /* UserService.swift in Sources */,
				2D65F7E1296022A700A2EA47 /* SwiftUICombineApp.swift in Sources */,
				2D65F81C2960232800A2EA47 /* UserViewModel.swift in Sources */,
				2D65F81F2960232800A2EA47 /* User.swift in Sources */,
				2D65F8192960232800A2EA47 /* MealsNetworkManager.swift in Sources */,
			);
			runOnlyForDeploymentPostprocessing = 0;
		};
		2D65F7E9296022AA00A2EA47 /* Sources */ = {
			isa = PBXSourcesBuildPhase;
			buildActionMask = 2147483647;
			files = (
				2D65F7F2296022AA00A2EA47 /* SwiftUICombineTests.swift in Sources */,
			);
			runOnlyForDeploymentPostprocessing = 0;
		};
		2D65F7F3296022AA00A2EA47 /* Sources */ = {
			isa = PBXSourcesBuildPhase;
			buildActionMask = 2147483647;
			files = (
				2D65F7FE296022AA00A2EA47 /* SwiftUICombineUITestsLaunchTests.swift in Sources */,
				2D65F7FC296022AA00A2EA47 /* SwiftUICombineUITests.swift in Sources */,
			);
			runOnlyForDeploymentPostprocessing = 0;
		};
/* End PBXSourcesBuildPhase section */

/* Begin PBXTargetDependency section */
		2D65F7EF296022AA00A2EA47 /* PBXTargetDependency */ = {
			isa = PBXTargetDependency;
			target = 2D65F7DC296022A700A2EA47 /* SwiftUICombine */;
			targetProxy = 2D65F7EE296022AA00A2EA47 /* PBXContainerItemProxy */;
		};
		2D65F7F9296022AA00A2EA47 /* PBXTargetDependency */ = {
			isa = PBXTargetDependency;
			target = 2D65F7DC296022A700A2EA47 /* SwiftUICombine */;
			targetProxy = 2D65F7F8296022AA00A2EA47 /* PBXContainerItemProxy */;
		};
/* End PBXTargetDependency section */

/* Begin XCBuildConfiguration section */
		2D65F7FF296022AA00A2EA47 /* Debug */ = {
			isa = XCBuildConfiguration;
			buildSettings = {
				ALWAYS_SEARCH_USER_PATHS = NO;
				CLANG_ANALYZER_NONNULL = YES;
				CLANG_ANALYZER_NUMBER_OBJECT_CONVERSION = YES_AGGRESSIVE;
				CLANG_CXX_LANGUAGE_STANDARD = "gnu++20";
				CLANG_ENABLE_MODULES = YES;
				CLANG_ENABLE_OBJC_ARC = YES;
				CLANG_ENABLE_OBJC_WEAK = YES;
				CLANG_WARN_BLOCK_CAPTURE_AUTORELEASING = YES;
				CLANG_WARN_BOOL_CONVERSION = YES;
				CLANG_WARN_COMMA = YES;
				CLANG_WARN_CONSTANT_CONVERSION = YES;
				CLANG_WARN_DEPRECATED_OBJC_IMPLEMENTATIONS = YES;
				CLANG_WARN_DIRECT_OBJC_ISA_USAGE = YES_ERROR;
				CLANG_WARN_DOCUMENTATION_COMMENTS = YES;
				CLANG_WARN_EMPTY_BODY = YES;
				CLANG_WARN_ENUM_CONVERSION = YES;
				CLANG_WARN_INFINITE_RECURSION = YES;
				CLANG_WARN_INT_CONVERSION = YES;
				CLANG_WARN_NON_LITERAL_NULL_CONVERSION = YES;
				CLANG_WARN_OBJC_IMPLICIT_RETAIN_SELF = YES;
				CLANG_WARN_OBJC_LITERAL_CONVERSION = YES;
				CLANG_WARN_OBJC_ROOT_CLASS = YES_ERROR;
				CLANG_WARN_QUOTED_INCLUDE_IN_FRAMEWORK_HEADER = YES;
				CLANG_WARN_RANGE_LOOP_ANALYSIS = YES;
				CLANG_WARN_STRICT_PROTOTYPES = YES;
				CLANG_WARN_SUSPICIOUS_MOVE = YES;
				CLANG_WARN_UNGUARDED_AVAILABILITY = YES_AGGRESSIVE;
				CLANG_WARN_UNREACHABLE_CODE = YES;
				CLANG_WARN__DUPLICATE_METHOD_MATCH = YES;
				COPY_PHASE_STRIP = NO;
				DEBUG_INFORMATION_FORMAT = dwarf;
				ENABLE_STRICT_OBJC_MSGSEND = YES;
				ENABLE_TESTABILITY = YES;
				GCC_C_LANGUAGE_STANDARD = gnu11;
				GCC_DYNAMIC_NO_PIC = NO;
				GCC_NO_COMMON_BLOCKS = YES;
				GCC_OPTIMIZATION_LEVEL = 0;
				GCC_PREPROCESSOR_DEFINITIONS = (
					"DEBUG=1",
					"$(inherited)",
				);
				GCC_WARN_64_TO_32_BIT_CONVERSION = YES;
				GCC_WARN_ABOUT_RETURN_TYPE = YES_ERROR;
				GCC_WARN_UNDECLARED_SELECTOR = YES;
				GCC_WARN_UNINITIALIZED_AUTOS = YES_AGGRESSIVE;
				GCC_WARN_UNUSED_FUNCTION = YES;
				GCC_WARN_UNUSED_VARIABLE = YES;
				IPHONEOS_DEPLOYMENT_TARGET = 15.0;
				MTL_ENABLE_DEBUG_INFO = INCLUDE_SOURCE;
				MTL_FAST_MATH = YES;
				ONLY_ACTIVE_ARCH = YES;
				SDKROOT = iphoneos;
				SWIFT_ACTIVE_COMPILATION_CONDITIONS = DEBUG;
				SWIFT_OPTIMIZATION_LEVEL = "-Onone";
			};
			name = Debug;
		};
		2D65F800296022AA00A2EA47 /* Release */ = {
			isa = XCBuildConfiguration;
			buildSettings = {
				ALWAYS_SEARCH_USER_PATHS = NO;
				CLANG_ANALYZER_NONNULL = YES;
				CLANG_ANALYZER_NUMBER_OBJECT_CONVERSION = YES_AGGRESSIVE;
				CLANG_CXX_LANGUAGE_STANDARD = "gnu++20";
				CLANG_ENABLE_MODULES = YES;
				CLANG_ENABLE_OBJC_ARC = YES;
				CLANG_ENABLE_OBJC_WEAK = YES;
				CLANG_WARN_BLOCK_CAPTURE_AUTORELEASING = YES;
				CLANG_WARN_BOOL_CONVERSION = YES;
				CLANG_WARN_COMMA = YES;
				CLANG_WARN_CONSTANT_CONVERSION = YES;
				CLANG_WARN_DEPRECATED_OBJC_IMPLEMENTATIONS = YES;
				CLANG_WARN_DIRECT_OBJC_ISA_USAGE = YES_ERROR;
				CLANG_WARN_DOCUMENTATION_COMMENTS = YES;
				CLANG_WARN_EMPTY_BODY = YES;
				CLANG_WARN_ENUM_CONVERSION = YES;
				CLANG_WARN_INFINITE_RECURSION = YES;
				CLANG_WARN_INT_CONVERSION = YES;
				CLANG_WARN_NON_LITERAL_NULL_CONVERSION = YES;
				CLANG_WARN_OBJC_IMPLICIT_RETAIN_SELF = YES;
				CLANG_WARN_OBJC_LITERAL_CONVERSION = YES;
				CLANG_WARN_OBJC_ROOT_CLASS = YES_ERROR;
				CLANG_WARN_QUOTED_INCLUDE_IN_FRAMEWORK_HEADER = YES;
				CLANG_WARN_RANGE_LOOP_ANALYSIS = YES;
				CLANG_WARN_STRICT_PROTOTYPES = YES;
				CLANG_WARN_SUSPICIOUS_MOVE = YES;
				CLANG_WARN_UNGUARDED_AVAILABILITY = YES_AGGRESSIVE;
				CLANG_WARN_UNREACHABLE_CODE = YES;
				CLANG_WARN__DUPLICATE_METHOD_MATCH = YES;
				COPY_PHASE_STRIP = NO;
				DEBUG_INFORMATION_FORMAT = "dwarf-with-dsym";
				ENABLE_NS_ASSERTIONS = NO;
				ENABLE_STRICT_OBJC_MSGSEND = YES;
				GCC_C_LANGUAGE_STANDARD = gnu11;
				GCC_NO_COMMON_BLOCKS = YES;
				GCC_WARN_64_TO_32_BIT_CONVERSION = YES;
				GCC_WARN_ABOUT_RETURN_TYPE = YES_ERROR;
				GCC_WARN_UNDECLARED_SELECTOR = YES;
				GCC_WARN_UNINITIALIZED_AUTOS = YES_AGGRESSIVE;
				GCC_WARN_UNUSED_FUNCTION = YES;
				GCC_WARN_UNUSED_VARIABLE = YES;
				IPHONEOS_DEPLOYMENT_TARGET = 15.0;
				MTL_ENABLE_DEBUG_INFO = NO;
				MTL_FAST_MATH = YES;
				SDKROOT = iphoneos;
				SWIFT_COMPILATION_MODE = wholemodule;
				SWIFT_OPTIMIZATION_LEVEL = "-O";
				VALIDATE_PRODUCT = YES;
			};
			name = Release;
		};
		2D65F802296022AA00A2EA47 /* Debug */ = {
			isa = XCBuildConfiguration;
			buildSettings = {
				ASSETCATALOG_COMPILER_APPICON_NAME = AppIcon;
				ASSETCATALOG_COMPILER_GLOBAL_ACCENT_COLOR_NAME = AccentColor;
				CODE_SIGN_STYLE = Automatic;
				CURRENT_PROJECT_VERSION = 1;
				DEVELOPMENT_ASSET_PATHS = "\"SwiftUICombine/Preview Content\"";
				DEVELOPMENT_TEAM = UQN7GH636G;
				ENABLE_PREVIEWS = YES;
				GENERATE_INFOPLIST_FILE = YES;
				INFOPLIST_KEY_UIApplicationSceneManifest_Generation = YES;
				INFOPLIST_KEY_UIApplicationSupportsIndirectInputEvents = YES;
				INFOPLIST_KEY_UILaunchScreen_Generation = YES;
				INFOPLIST_KEY_UISupportedInterfaceOrientations_iPad = "UIInterfaceOrientationPortrait UIInterfaceOrientationPortraitUpsideDown UIInterfaceOrientationLandscapeLeft UIInterfaceOrientationLandscapeRight";
				INFOPLIST_KEY_UISupportedInterfaceOrientations_iPhone = "UIInterfaceOrientationPortrait UIInterfaceOrientationLandscapeLeft UIInterfaceOrientationLandscapeRight";
				IPHONEOS_DEPLOYMENT_TARGET = 15.0;
				LD_RUNPATH_SEARCH_PATHS = (
					"$(inherited)",
					"@executable_path/Frameworks",
				);
				MARKETING_VERSION = 1.0;
				PRODUCT_BUNDLE_IDENTIFIER = com.example.SwiftUICombine;
				PRODUCT_NAME = "$(TARGET_NAME)";
				SWIFT_EMIT_LOC_STRINGS = YES;
				SWIFT_VERSION = 5.0;
				TARGETED_DEVICE_FAMILY = "1,2";
			};
			name = Debug;
		};
		2D65F803296022AA00A2EA47 /* Release */ = {
			isa = XCBuildConfiguration;
			buildSettings = {
				ASSETCATALOG_COMPILER_APPICON_NAME = AppIcon;
				ASSETCATALOG_COMPILER_GLOBAL_ACCENT_COLOR_NAME = AccentColor;
				CODE_SIGN_STYLE = Automatic;
				CURRENT_PROJECT_VERSION = 1;
				DEVELOPMENT_ASSET_PATHS = "\"SwiftUICombine/Preview Content\"";
				DEVELOPMENT_TEAM = UQN7GH636G;
				ENABLE_PREVIEWS = YES;
				GENERATE_INFOPLIST_FILE = YES;
				INFOPLIST_KEY_UIApplicationSceneManifest_Generation = YES;
				INFOPLIST_KEY_UIApplicationSupportsIndirectInputEvents = YES;
				INFOPLIST_KEY_UILaunchScreen_Generation = YES;
				INFOPLIST_KEY_UISupportedInterfaceOrientations_iPad = "UIInterfaceOrientationPortrait UIInterfaceOrientationPortraitUpsideDown UIInterfaceOrientationLandscapeLeft UIInterfaceOrientationLandscapeRight";
				INFOPLIST_KEY_UISupportedInterfaceOrientations_iPhone = "UIInterfaceOrientationPortrait UIInterfaceOrientationLandscapeLeft UIInterfaceOrientationLandscapeRight";
				IPHONEOS_DEPLOYMENT_TARGET = 15.0;
				LD_RUNPATH_SEARCH_PATHS = (
					"$(inherited)",
					"@executable_path/Frameworks",
				);
				MARKETING_VERSION = 1.0;
				PRODUCT_BUNDLE_IDENTIFIER = com.example.SwiftUICombine;
				PRODUCT_NAME = "$(TARGET_NAME)";
				SWIFT_EMIT_LOC_STRINGS = YES;
				SWIFT_VERSION = 5.0;
				TARGETED_DEVICE_FAMILY = "1,2";
			};
			name = Release;
		};
		2D65F805296022AA00A2EA47 /* Debug */ = {
			isa = XCBuildConfiguration;
			buildSettings = {
				ALWAYS_EMBED_SWIFT_STANDARD_LIBRARIES = YES;
				BUNDLE_LOADER = "$(TEST_HOST)";
				CODE_SIGN_STYLE = Automatic;
				CURRENT_PROJECT_VERSION = 1;
				DEVELOPMENT_TEAM = UQN7GH636G;
				GENERATE_INFOPLIST_FILE = YES;
				IPHONEOS_DEPLOYMENT_TARGET = 15.0;
				MARKETING_VERSION = 1.0;
				PRODUCT_BUNDLE_IDENTIFIER = com.example.SwiftUICombineTests;
				PRODUCT_NAME = "$(TARGET_NAME)";
				SWIFT_EMIT_LOC_STRINGS = NO;
				SWIFT_VERSION = 5.0;
				TARGETED_DEVICE_FAMILY = "1,2";
				TEST_HOST = "$(BUILT_PRODUCTS_DIR)/SwiftUICombine.app/$(BUNDLE_EXECUTABLE_FOLDER_PATH)/SwiftUICombine";
			};
			name = Debug;
		};
		2D65F806296022AA00A2EA47 /* Release */ = {
			isa = XCBuildConfiguration;
			buildSettings = {
				ALWAYS_EMBED_SWIFT_STANDARD_LIBRARIES = YES;
				BUNDLE_LOADER = "$(TEST_HOST)";
				CODE_SIGN_STYLE = Automatic;
				CURRENT_PROJECT_VERSION = 1;
				DEVELOPMENT_TEAM = UQN7GH636G;
				GENERATE_INFOPLIST_FILE = YES;
				IPHONEOS_DEPLOYMENT_TARGET = 15.0;
				MARKETING_VERSION = 1.0;
				PRODUCT_BUNDLE_IDENTIFIER = com.example.SwiftUICombineTests;
				PRODUCT_NAME = "$(TARGET_NAME)";
				SWIFT_EMIT_LOC_STRINGS = NO;
				SWIFT_VERSION = 5.0;
				TARGETED_DEVICE_FAMILY = "1,2";
				TEST_HOST = "$(BUILT_PRODUCTS_DIR)/SwiftUICombine.app/$(BUNDLE_EXECUTABLE_FOLDER_PATH)/SwiftUICombine";
			};
			name = Release;
		};
		2D65F808296022AA00A2EA47 /* Debug */ = {
			isa = XCBuildConfiguration;
			buildSettings = {
				ALWAYS_EMBED_SWIFT_STANDARD_LIBRARIES = YES;
				CODE_SIGN_STYLE = Automatic;
				CURRENT_PROJECT_VERSION = 1;
				DEVELOPMENT_TEAM = UQN7GH636G;
				GENERATE_INFOPLIST_FILE = YES;
				IPHONEOS_DEPLOYMENT_TARGET = 15.0;
				MARKETING_VERSION = 1.0;
				PRODUCT_BUNDLE_IDENTIFIER = com.example.SwiftUICombineUITests;
				PRODUCT_NAME = "$(TARGET_NAME)";
				SWIFT_EMIT_LOC_STRINGS = NO;
				SWIFT_VERSION = 5.0;
				TARGETED_DEVICE_FAMILY = "1,2";
				TEST_TARGET_NAME = SwiftUICombine;
			};
			name = Debug;
		};
		2D65F809296022AA00A2EA47 /* Release */ = {
			isa = XCBuildConfiguration;
			buildSettings = {
				ALWAYS_EMBED_SWIFT_STANDARD_LIBRARIES = YES;
				CODE_SIGN_STYLE = Automatic;
				CURRENT_PROJECT_VERSION = 1;
				DEVELOPMENT_TEAM = UQN7GH636G;
				GENERATE_INFOPLIST_FILE = YES;
				IPHONEOS_DEPLOYMENT_TARGET = 15.0;
				MARKETING_VERSION = 1.0;
				PRODUCT_BUNDLE_IDENTIFIER = com.example.SwiftUICombineUITests;
				PRODUCT_NAME = "$(TARGET_NAME)";
				SWIFT_EMIT_LOC_STRINGS = NO;
				SWIFT_VERSION = 5.0;
				TARGETED_DEVICE_FAMILY = "1,2";
				TEST_TARGET_NAME = SwiftUICombine;
			};
			name = Release;
		};
/* End XCBuildConfiguration section */

/* Begin XCConfigurationList section */
		2D65F7D8296022A700A2EA47 /* Build configuration list for PBXProject "SwiftUICombine" */ = {
			isa = XCConfigurationList;
			buildConfigurations = (
				2D65F7FF296022AA00A2EA47 /* Debug */,
				2D65F800296022AA00A2EA47 /* Release */,
			);
			defaultConfigurationIsVisible = 0;
			defaultConfigurationName = Release;
		};
		2D65F801296022AA00A2EA47 /* Build configuration list for PBXNativeTarget "SwiftUICombine" */ = {
			isa = XCConfigurationList;
			buildConfigurations = (
				2D65F802296022AA00A2EA47 /* Debug */,
				2D65F803296022AA00A2EA47 /* Release */,
			);
			defaultConfigurationIsVisible = 0;
			defaultConfigurationName = Release;
		};
		2D65F804296022AA00A2EA47 /* Build configuration list for PBXNativeTarget "SwiftUICombineTests" */ = {
			isa = XCConfigurationList;
			buildConfigurations = (
				2D65F805296022AA00A2EA47 /* Debug */,
				2D65F806296022AA00A2EA47 /* Release */,
			);
			defaultConfigurationIsVisible = 0;
			defaultConfigurationName = Release;
		};
		2D65F807296022AA00A2EA47 /* Build configuration list for PBXNativeTarget "SwiftUICombineUITests" */ = {
			isa = XCConfigurationList;
			buildConfigurations = (
				2D65F808296022AA00A2EA47 /* Debug */,
				2D65F809296022AA00A2EA47 /* Release */,
			);
			defaultConfigurationIsVisible = 0;
			defaultConfigurationName = Release;
		};
/* End XCConfigurationList section */
	};
	rootObject = 2D65F7D5296022A700A2EA47 /* Project object */;
}
